Microsoft Visual Studio Solution File, Format Version 12.00
# Visual Studio Version 17
VisualStudioVersion = 17.13.35828.75
MinimumVisualStudioVersion = 10.0.40219.1
Project("{FAE04EC0-301F-11D3-BF4B-00C04F79EFBC}") = "IndividualProjectTodo-List", "IndividualProjectTodo-List.csproj", "{3769A444-244E-4065-9ACB-B7B050093013}"
EndProject
Global
	GlobalSection(SolutionConfigurationPlatforms) = preSolution
		Debug|Any CPU = Debug|Any CPU
		Release|Any CPU = Release|Any CPU
	EndGlobalSection
	GlobalSection(ProjectConfigurationPlatforms) = postSolution
		{3769A444-244E-4065-9ACB-B7B050093013}.Debug|Any CPU.ActiveCfg = Debug|Any CPU
		{3769A444-244E-4065-9ACB-B7B050093013}.Debug|Any CPU.Build.0 = Debug|Any CPU
		{3769A444-244E-4065-9ACB-B7B050093013}.Release|Any CPU.ActiveCfg = Release|Any CPU
		{3769A444-244E-4065-9ACB-B7B050093013}.Release|Any CPU.Build.0 = Release|Any CPU
	EndGlobalSection
	GlobalSection(SolutionProperties) = preSolution
		HideSolutionNode = FALSE
	EndGlobalSection
	GlobalSection(ExtensibilityGlobals) = postSolution
		SolutionGuid = {B46C6C4C-E981-4D9E-B3B2-BF3DFC9CB6D7}
	EndGlobalSection
EndGlobal
